
Microsoft Visual Studio Solution File, Format Version 12.00
# Visual Studio Version 16
VisualStudioVersion = 16.0.30907.101
MinimumVisualStudioVersion = 10.0.40219.1
Project("{9A19103F-16F7-4668-BE54-9A1E7A4F7556}") = "DataAccess", "DataAccess\DataAccess.csproj", "{287917FE-E0EF-498F-A7F1-7FC8DE0B7C9D}"
EndProject
Project("{9A19103F-16F7-4668-BE54-9A1E7A4F7556}") = "Business", "Business\Business.csproj", "{63A02F64-A1E2-4B05-B414-836CFF847825}"
EndProject
Project("{9A19103F-16F7-4668-BE54-9A1E7A4F7556}") = "Entities", "Entities\Entities.csproj", "{7215DFD7-BEBD-42EA-A377-920CDEAA8BB1}"
EndProject
Project("{9A19103F-16F7-4668-BE54-9A1E7A4F7556}") = "ConsoleUI", "ConsoleUI\ConsoleUI.csproj", "{8B1369C8-1B5C-4102-8D3E-DDEF8C804AD2}"
EndProject
Project("{9A19103F-16F7-4668-BE54-9A1E7A4F7556}") = "Core", "Core\Core.csproj", "{7237A06C-FE77-49F9-AA45-BFE6CF0160B5}"
EndProject
Project("{FAE04EC0-301F-11D3-BF4B-00C04F79EFBC}") = "WebAPI", "WebAPI\WebAPI.csproj", "{854A12B3-8F53-414E-9619-C3A1DBF95CE6}"
EndProject
Global
	GlobalSection(SolutionConfigurationPlatforms) = preSolution
		Debug|Any CPU = Debug|Any CPU
		Release|Any CPU = Release|Any CPU
	EndGlobalSection
	GlobalSection(ProjectConfigurationPlatforms) = postSolution
		{287917FE-E0EF-498F-A7F1-7FC8DE0B7C9D}.Debug|Any CPU.ActiveCfg = Debug|Any CPU
		{287917FE-E0EF-498F-A7F1-7FC8DE0B7C9D}.Debug|Any CPU.Build.0 = Debug|Any CPU
		{287917FE-E0EF-498F-A7F1-7FC8DE0B7C9D}.Release|Any CPU.ActiveCfg = Release|Any CPU
		{287917FE-E0EF-498F-A7F1-7FC8DE0B7C9D}.Release|Any CPU.Build.0 = Release|Any CPU
		{63A02F64-A1E2-4B05-B414-836CFF847825}.Debug|Any CPU.ActiveCfg = Debug|Any CPU
		{63A02F64-A1E2-4B05-B414-836CFF847825}.Debug|Any CPU.Build.0 = Debug|Any CPU
		{63A02F64-A1E2-4B05-B414-836CFF847825}.Release|Any CPU.ActiveCfg = Release|Any CPU
		{63A02F64-A1E2-4B05-B414-836CFF847825}.Release|Any CPU.Build.0 = Release|Any CPU
		{7215DFD7-BEBD-42EA-A377-920CDEAA8BB1}.Debug|Any CPU.ActiveCfg = Debug|Any CPU
		{7215DFD7-BEBD-42EA-A377-920CDEAA8BB1}.Debug|Any CPU.Build.0 = Debug|Any CPU
		{7215DFD7-BEBD-42EA-A377-920CDEAA8BB1}.Release|Any CPU.ActiveCfg = Release|Any CPU
		{7215DFD7-BEBD-42EA-A377-920CDEAA8BB1}.Release|Any CPU.Build.0 = Release|Any CPU
		{8B1369C8-1B5C-4102-8D3E-DDEF8C804AD2}.Debug|Any CPU.ActiveCfg = Debug|Any CPU
		{8B1369C8-1B5C-4102-8D3E-DDEF8C804AD2}.Debug|Any CPU.Build.0 = Debug|Any CPU
		{8B1369C8-1B5C-4102-8D3E-DDEF8C804AD2}.Release|Any CPU.ActiveCfg = Release|Any CPU
		{8B1369C8-1B5C-4102-8D3E-DDEF8C804AD2}.Release|Any CPU.Build.0 = Release|Any CPU
		{7237A06C-FE77-49F9-AA45-BFE6CF0160B5}.Debug|Any CPU.ActiveCfg = Debug|Any CPU
		{7237A06C-FE77-49F9-AA45-BFE6CF0160B5}.Debug|Any CPU.Build.0 = Debug|Any CPU
		{7237A06C-FE77-49F9-AA45-BFE6CF0160B5}.Release|Any CPU.ActiveCfg = Release|Any CPU
		{7237A06C-FE77-49F9-AA45-BFE6CF0160B5}.Release|Any CPU.Build.0 = Release|Any CPU
		{854A12B3-8F53-414E-9619-C3A1DBF95CE6}.Debug|Any CPU.ActiveCfg = Debug|Any CPU
		{854A12B3-8F53-414E-9619-C3A1DBF95CE6}.Debug|Any CPU.Build.0 = Debug|Any CPU
		{854A12B3-8F53-414E-9619-C3A1DBF95CE6}.Release|Any CPU.ActiveCfg = Release|Any CPU
		{854A12B3-8F53-414E-9619-C3A1DBF95CE6}.Release|Any CPU.Build.0 = Release|Any CPU
	EndGlobalSection
	GlobalSection(SolutionProperties) = preSolution
		HideSolutionNode = FALSE
	EndGlobalSection
	GlobalSection(ExtensibilityGlobals) = postSolution
		SolutionGuid = {F2FBC191-76AB-4D46-8E62-DA87EC8B0E0D}
	EndGlobalSection
EndGlobal
